---
lockfile_version: 1
depends:
- name: inspec-gcp
  resolved_source:
    url: https://github.com/inspec/inspec-gcp/archive/master.tar.gz
    sha256: 511469763d7fa28d2539e269f8c57c06de20cdc570748572e976a789ff4fe103
  version_constraints: []
~                                                                                                                            
~                                                                                                                            
~                                                                                             